
Microsoft Visual Studio Solution File, Format Version 12.00
# Visual Studio 14
VisualStudioVersion = 14.0.25420.1
MinimumVisualStudioVersion = 10.0.40219.1
Project("{FAE04EC0-301F-11D3-BF4B-00C04F79EFBC}") = "EPAM_XT2016_3_2_1", "EPAM_XT2016_3_2\EPAM_XT2016_3_2_1.csproj", "{7DC7F3BD-FFB9-40EC-9474-1912C388CE7E}"
EndProject
Project("{FAE04EC0-301F-11D3-BF4B-00C04F79EFBC}") = "EPAM_XT2016_3_2_2", "EPAM_XT2016_3_2_2\EPAM_XT2016_3_2_2.csproj", "{0DAC9703-3A19-4BA3-989F-700FD544CCB0}"
EndProject
Project("{FAE04EC0-301F-11D3-BF4B-00C04F79EFBC}") = "EPAM_XT2016_3_2_3", "EPAM_XT2016_3_2_3\EPAM_XT2016_3_2_3.csproj", "{362C8CBB-E4F1-4D03-8471-C7CD5FD6073B}"
EndProject
Project("{FAE04EC0-301F-11D3-BF4B-00C04F79EFBC}") = "EPAM_XT2016_3_2_5", "EPAM_XT2016_3_2_5\EPAM_XT2016_3_2_5.csproj", "{A7B27BC0-EE94-4656-82AB-B1A2247178C7}"
EndProject
Project("{FAE04EC0-301F-11D3-BF4B-00C04F79EFBC}") = "EPAM_XT2016_3_2_4", "EPAM_XT2016_3_2_4\EPAM_XT2016_3_2_4.csproj", "{4EDFCB21-DB34-4671-B49F-7967AA4728CF}"
EndProject
Project("{FAE04EC0-301F-11D3-BF4B-00C04F79EFBC}") = "EPAM_XT2016_3_2_6", "EPAM_XT2016_3_2_6\EPAM_XT2016_3_2_6.csproj", "{75E35274-8435-43D4-B1B6-B0F323CF71F0}"
EndProject
Project("{FAE04EC0-301F-11D3-BF4B-00C04F79EFBC}") = "EPAM_XT2016_3_2_7", "EPAM_XT2016_3_2_7\EPAM_XT2016_3_2_7.csproj", "{628AE490-BBFE-4D0E-B6AE-0EFC8669D0F9}"
EndProject
Project("{FAE04EC0-301F-11D3-BF4B-00C04F79EFBC}") = "EPAM_XT2016_3_8", "EPAM_XT2016_3_8\EPAM_XT2016_3_8.csproj", "{BC3D76BF-3D41-46F4-B2E9-CC981078ADC5}"
EndProject
Global
	GlobalSection(SolutionConfigurationPlatforms) = preSolution
		Debug|Any CPU = Debug|Any CPU
		Release|Any CPU = Release|Any CPU
	EndGlobalSection
	GlobalSection(ProjectConfigurationPlatforms) = postSolution
		{7DC7F3BD-FFB9-40EC-9474-1912C388CE7E}.Debug|Any CPU.ActiveCfg = Debug|Any CPU
		{7DC7F3BD-FFB9-40EC-9474-1912C388CE7E}.Debug|Any CPU.Build.0 = Debug|Any CPU
		{7DC7F3BD-FFB9-40EC-9474-1912C388CE7E}.Release|Any CPU.ActiveCfg = Release|Any CPU
		{7DC7F3BD-FFB9-40EC-9474-1912C388CE7E}.Release|Any CPU.Build.0 = Release|Any CPU
		{0DAC9703-3A19-4BA3-989F-700FD544CCB0}.Debug|Any CPU.ActiveCfg = Debug|Any CPU
		{0DAC9703-3A19-4BA3-989F-700FD544CCB0}.Debug|Any CPU.Build.0 = Debug|Any CPU
		{0DAC9703-3A19-4BA3-989F-700FD544CCB0}.Release|Any CPU.ActiveCfg = Release|Any CPU
		{0DAC9703-3A19-4BA3-989F-700FD544CCB0}.Release|Any CPU.Build.0 = Release|Any CPU
		{362C8CBB-E4F1-4D03-8471-C7CD5FD6073B}.Debug|Any CPU.ActiveCfg = Debug|Any CPU
		{362C8CBB-E4F1-4D03-8471-C7CD5FD6073B}.Debug|Any CPU.Build.0 = Debug|Any CPU
		{362C8CBB-E4F1-4D03-8471-C7CD5FD6073B}.Release|Any CPU.ActiveCfg = Release|Any CPU
		{362C8CBB-E4F1-4D03-8471-C7CD5FD6073B}.Release|Any CPU.Build.0 = Release|Any CPU
		{A7B27BC0-EE94-4656-82AB-B1A2247178C7}.Debug|Any CPU.ActiveCfg = Debug|Any CPU
		{A7B27BC0-EE94-4656-82AB-B1A2247178C7}.Debug|Any CPU.Build.0 = Debug|Any CPU
		{A7B27BC0-EE94-4656-82AB-B1A2247178C7}.Release|Any CPU.ActiveCfg = Release|Any CPU
		{A7B27BC0-EE94-4656-82AB-B1A2247178C7}.Release|Any CPU.Build.0 = Release|Any CPU
		{4EDFCB21-DB34-4671-B49F-7967AA4728CF}.Debug|Any CPU.ActiveCfg = Debug|Any CPU
		{4EDFCB21-DB34-4671-B49F-7967AA4728CF}.Debug|Any CPU.Build.0 = Debug|Any CPU
		{4EDFCB21-DB34-4671-B49F-7967AA4728CF}.Release|Any CPU.ActiveCfg = Release|Any CPU
		{4EDFCB21-DB34-4671-B49F-7967AA4728CF}.Release|Any CPU.Build.0 = Release|Any CPU
		{75E35274-8435-43D4-B1B6-B0F323CF71F0}.Debug|Any CPU.ActiveCfg = Debug|Any CPU
		{75E35274-8435-43D4-B1B6-B0F323CF71F0}.Debug|Any CPU.Build.0 = Debug|Any CPU
		{75E35274-8435-43D4-B1B6-B0F323CF71F0}.Release|Any CPU.ActiveCfg = Release|Any CPU
		{75E35274-8435-43D4-B1B6-B0F323CF71F0}.Release|Any CPU.Build.0 = Release|Any CPU
		{628AE490-BBFE-4D0E-B6AE-0EFC8669D0F9}.Debug|Any CPU.ActiveCfg = Debug|Any CPU
		{628AE490-BBFE-4D0E-B6AE-0EFC8669D0F9}.Debug|Any CPU.Build.0 = Debug|Any CPU
		{628AE490-BBFE-4D0E-B6AE-0EFC8669D0F9}.Release|Any CPU.ActiveCfg = Release|Any CPU
		{628AE490-BBFE-4D0E-B6AE-0EFC8669D0F9}.Release|Any CPU.Build.0 = Release|Any CPU
		{BC3D76BF-3D41-46F4-B2E9-CC981078ADC5}.Debug|Any CPU.ActiveCfg = Debug|Any CPU
		{BC3D76BF-3D41-46F4-B2E9-CC981078ADC5}.Debug|Any CPU.Build.0 = Debug|Any CPU
		{BC3D76BF-3D41-46F4-B2E9-CC981078ADC5}.Release|Any CPU.ActiveCfg = Release|Any CPU
		{BC3D76BF-3D41-46F4-B2E9-CC981078ADC5}.Release|Any CPU.Build.0 = Release|Any CPU
	EndGlobalSection
	GlobalSection(SolutionProperties) = preSolution
		HideSolutionNode = FALSE
	EndGlobalSection
EndGlobal
