
Microsoft Visual Studio Solution File, Format Version 12.00
# Visual Studio 14
VisualStudioVersion = 14.0.25420.1
MinimumVisualStudioVersion = 10.0.40219.1
Project("{FAE04EC0-301F-11D3-BF4B-00C04F79EFBC}") = "EPAM_XT2016_3_1_01", "EPAM_XT2016_3_1\EPAM_XT2016_3_1_01.csproj", "{9F8DB332-6611-40A3-968C-1E74E1CCE4E3}"
EndProject
Project("{FAE04EC0-301F-11D3-BF4B-00C04F79EFBC}") = "EPAM_XT2016_3_1_02", "EPAM_XT2016_3_1_2\EPAM_XT2016_3_1_02.csproj", "{5966E642-EC1D-4F2B-A768-469A5F99785F}"
EndProject
Project("{FAE04EC0-301F-11D3-BF4B-00C04F79EFBC}") = "EPAM_XT2016_3_1_03", "EPAM_XT2016_3_1_3\EPAM_XT2016_3_1_03.csproj", "{6E5A54F8-4DE9-4642-ACAF-1F22ADB3719F}"
EndProject
Project("{FAE04EC0-301F-11D3-BF4B-00C04F79EFBC}") = "EPAM_XT2016_3_1_04", "EPAM_XT2016_3_1_4\EPAM_XT2016_3_1_04.csproj", "{5EAA9F91-6628-4AAE-A728-6FF9DD4B8F4B}"
EndProject
Project("{FAE04EC0-301F-11D3-BF4B-00C04F79EFBC}") = "EPAM_XT2016_3_1_05", "EPAM_XT2016_3_1_5\EPAM_XT2016_3_1_05.csproj", "{6E6E7E99-EFAA-482D-9EF6-5FA66685F5FC}"
EndProject
Project("{FAE04EC0-301F-11D3-BF4B-00C04F79EFBC}") = "EPAM_XT2016_3_1_06", "EPAM_XT2016_3_6\EPAM_XT2016_3_1_06.csproj", "{D780DE7F-18E5-4392-94FC-8DF5775940AF}"
EndProject
Project("{FAE04EC0-301F-11D3-BF4B-00C04F79EFBC}") = "EPAM_XT2016_3_1_07", "EPAM_XT2016_3_1_7\EPAM_XT2016_3_1_07.csproj", "{F645EDC2-DDDE-4E66-95A8-FF436CA169FB}"
EndProject
Project("{FAE04EC0-301F-11D3-BF4B-00C04F79EFBC}") = "EPAM_XT2016_3_1_08", "EPAM_XT2016_3_1_8\EPAM_XT2016_3_1_08.csproj", "{D29E476C-20D6-4D72-9BA2-BA3898A996EC}"
EndProject
Project("{FAE04EC0-301F-11D3-BF4B-00C04F79EFBC}") = "EPAM_XT2016_3_1_09", "EPAM_XT2016_3_1_9\EPAM_XT2016_3_1_09.csproj", "{0C37A77D-EA36-429B-ACE5-18071B4E2108}"
EndProject
Project("{FAE04EC0-301F-11D3-BF4B-00C04F79EFBC}") = "EPAM_XT2016_3_1_10", "EPAM_XT2016_3_1_10\EPAM_XT2016_3_1_10.csproj", "{4FE3AF88-662A-46AD-A6F4-659B5554C7BF}"
EndProject
Project("{FAE04EC0-301F-11D3-BF4B-00C04F79EFBC}") = "EPAM_XT2016_3_1_11", "EPAM_XT2016_3_1_11\EPAM_XT2016_3_1_11.csproj", "{79AC98DE-A6D6-45D0-AEA4-D44D03BBF77A}"
EndProject
Project("{FAE04EC0-301F-11D3-BF4B-00C04F79EFBC}") = "EPAM_XT2016_3_1_12", "EPAM_XT2016_3_1_12\EPAM_XT2016_3_1_12.csproj", "{876D59AC-6238-4292-A753-63DFD8A3A379}"
EndProject
Global
	GlobalSection(SolutionConfigurationPlatforms) = preSolution
		Debug|Any CPU = Debug|Any CPU
		Release|Any CPU = Release|Any CPU
	EndGlobalSection
	GlobalSection(ProjectConfigurationPlatforms) = postSolution
		{9F8DB332-6611-40A3-968C-1E74E1CCE4E3}.Debug|Any CPU.ActiveCfg = Debug|Any CPU
		{9F8DB332-6611-40A3-968C-1E74E1CCE4E3}.Debug|Any CPU.Build.0 = Debug|Any CPU
		{9F8DB332-6611-40A3-968C-1E74E1CCE4E3}.Release|Any CPU.ActiveCfg = Release|Any CPU
		{9F8DB332-6611-40A3-968C-1E74E1CCE4E3}.Release|Any CPU.Build.0 = Release|Any CPU
		{5966E642-EC1D-4F2B-A768-469A5F99785F}.Debug|Any CPU.ActiveCfg = Debug|Any CPU
		{5966E642-EC1D-4F2B-A768-469A5F99785F}.Debug|Any CPU.Build.0 = Debug|Any CPU
		{5966E642-EC1D-4F2B-A768-469A5F99785F}.Release|Any CPU.ActiveCfg = Release|Any CPU
		{5966E642-EC1D-4F2B-A768-469A5F99785F}.Release|Any CPU.Build.0 = Release|Any CPU
		{6E5A54F8-4DE9-4642-ACAF-1F22ADB3719F}.Debug|Any CPU.ActiveCfg = Debug|Any CPU
		{6E5A54F8-4DE9-4642-ACAF-1F22ADB3719F}.Debug|Any CPU.Build.0 = Debug|Any CPU
		{6E5A54F8-4DE9-4642-ACAF-1F22ADB3719F}.Release|Any CPU.ActiveCfg = Release|Any CPU
		{6E5A54F8-4DE9-4642-ACAF-1F22ADB3719F}.Release|Any CPU.Build.0 = Release|Any CPU
		{5EAA9F91-6628-4AAE-A728-6FF9DD4B8F4B}.Debug|Any CPU.ActiveCfg = Debug|Any CPU
		{5EAA9F91-6628-4AAE-A728-6FF9DD4B8F4B}.Debug|Any CPU.Build.0 = Debug|Any CPU
		{5EAA9F91-6628-4AAE-A728-6FF9DD4B8F4B}.Release|Any CPU.ActiveCfg = Release|Any CPU
		{5EAA9F91-6628-4AAE-A728-6FF9DD4B8F4B}.Release|Any CPU.Build.0 = Release|Any CPU
		{6E6E7E99-EFAA-482D-9EF6-5FA66685F5FC}.Debug|Any CPU.ActiveCfg = Debug|Any CPU
		{6E6E7E99-EFAA-482D-9EF6-5FA66685F5FC}.Debug|Any CPU.Build.0 = Debug|Any CPU
		{6E6E7E99-EFAA-482D-9EF6-5FA66685F5FC}.Release|Any CPU.ActiveCfg = Release|Any CPU
		{6E6E7E99-EFAA-482D-9EF6-5FA66685F5FC}.Release|Any CPU.Build.0 = Release|Any CPU
		{D780DE7F-18E5-4392-94FC-8DF5775940AF}.Debug|Any CPU.ActiveCfg = Debug|Any CPU
		{D780DE7F-18E5-4392-94FC-8DF5775940AF}.Debug|Any CPU.Build.0 = Debug|Any CPU
		{D780DE7F-18E5-4392-94FC-8DF5775940AF}.Release|Any CPU.ActiveCfg = Release|Any CPU
		{D780DE7F-18E5-4392-94FC-8DF5775940AF}.Release|Any CPU.Build.0 = Release|Any CPU
		{F645EDC2-DDDE-4E66-95A8-FF436CA169FB}.Debug|Any CPU.ActiveCfg = Debug|Any CPU
		{F645EDC2-DDDE-4E66-95A8-FF436CA169FB}.Debug|Any CPU.Build.0 = Debug|Any CPU
		{F645EDC2-DDDE-4E66-95A8-FF436CA169FB}.Release|Any CPU.ActiveCfg = Release|Any CPU
		{F645EDC2-DDDE-4E66-95A8-FF436CA169FB}.Release|Any CPU.Build.0 = Release|Any CPU
		{D29E476C-20D6-4D72-9BA2-BA3898A996EC}.Debug|Any CPU.ActiveCfg = Debug|Any CPU
		{D29E476C-20D6-4D72-9BA2-BA3898A996EC}.Debug|Any CPU.Build.0 = Debug|Any CPU
		{D29E476C-20D6-4D72-9BA2-BA3898A996EC}.Release|Any CPU.ActiveCfg = Release|Any CPU
		{D29E476C-20D6-4D72-9BA2-BA3898A996EC}.Release|Any CPU.Build.0 = Release|Any CPU
		{0C37A77D-EA36-429B-ACE5-18071B4E2108}.Debug|Any CPU.ActiveCfg = Debug|Any CPU
		{0C37A77D-EA36-429B-ACE5-18071B4E2108}.Debug|Any CPU.Build.0 = Debug|Any CPU
		{0C37A77D-EA36-429B-ACE5-18071B4E2108}.Release|Any CPU.ActiveCfg = Release|Any CPU
		{0C37A77D-EA36-429B-ACE5-18071B4E2108}.Release|Any CPU.Build.0 = Release|Any CPU
		{4FE3AF88-662A-46AD-A6F4-659B5554C7BF}.Debug|Any CPU.ActiveCfg = Debug|Any CPU
		{4FE3AF88-662A-46AD-A6F4-659B5554C7BF}.Debug|Any CPU.Build.0 = Debug|Any CPU
		{4FE3AF88-662A-46AD-A6F4-659B5554C7BF}.Release|Any CPU.ActiveCfg = Release|Any CPU
		{4FE3AF88-662A-46AD-A6F4-659B5554C7BF}.Release|Any CPU.Build.0 = Release|Any CPU
		{79AC98DE-A6D6-45D0-AEA4-D44D03BBF77A}.Debug|Any CPU.ActiveCfg = Debug|Any CPU
		{79AC98DE-A6D6-45D0-AEA4-D44D03BBF77A}.Debug|Any CPU.Build.0 = Debug|Any CPU
		{79AC98DE-A6D6-45D0-AEA4-D44D03BBF77A}.Release|Any CPU.ActiveCfg = Release|Any CPU
		{79AC98DE-A6D6-45D0-AEA4-D44D03BBF77A}.Release|Any CPU.Build.0 = Release|Any CPU
		{876D59AC-6238-4292-A753-63DFD8A3A379}.Debug|Any CPU.ActiveCfg = Debug|Any CPU
		{876D59AC-6238-4292-A753-63DFD8A3A379}.Debug|Any CPU.Build.0 = Debug|Any CPU
		{876D59AC-6238-4292-A753-63DFD8A3A379}.Release|Any CPU.ActiveCfg = Release|Any CPU
		{876D59AC-6238-4292-A753-63DFD8A3A379}.Release|Any CPU.Build.0 = Release|Any CPU
	EndGlobalSection
	GlobalSection(SolutionProperties) = preSolution
		HideSolutionNode = FALSE
	EndGlobalSection
EndGlobal
