
Microsoft Visual Studio Solution File, Format Version 12.00
# Visual Studio 14
VisualStudioVersion = 14.0.25420.1
MinimumVisualStudioVersion = 10.0.40219.1
Project("{FAE04EC0-301F-11D3-BF4B-00C04F79EFBC}") = "Epam.UsersInfo.ConsoleUI", "Epam.UsersInfo.ConsoleUI\Epam.UsersInfo.ConsoleUI.csproj", "{95F8B592-EF06-48C3-A580-FAABA243076D}"
EndProject
Project("{2150E333-8FDC-42A3-9474-1A3956D46DE8}") = "Common", "Common", "{91435173-68BF-47FE-BBD5-0F950DC15675}"
EndProject
Project("{FAE04EC0-301F-11D3-BF4B-00C04F79EFBC}") = "Epam.UsersInfo.Entities", "Epam.UsersInfo.Entities\Epam.UsersInfo.Entities.csproj", "{B6F3AC39-3F60-45EE-9E25-CAB4D9A6C0D3}"
EndProject
Project("{FAE04EC0-301F-11D3-BF4B-00C04F79EFBC}") = "Epam.UserInfo.LogicContracts", "Epam.UserInfo.LogicContracts\Epam.UserInfo.LogicContracts.csproj", "{3021D710-E31A-4492-90D0-49EB530D0EE4}"
EndProject
Project("{FAE04EC0-301F-11D3-BF4B-00C04F79EFBC}") = "Epam.UserInfo.Logic", "Epam.UserInfo.Logic\Epam.UserInfo.Logic.csproj", "{869C9046-D09E-4F1C-B43B-05BCA7499FEC}"
EndProject
Project("{FAE04EC0-301F-11D3-BF4B-00C04F79EFBC}") = "Epam.UserInfo.DalContracts", "Epam.UserInfo.DalContracts\Epam.UserInfo.DalContracts.csproj", "{68FE3E69-EB97-447F-90E7-8CBFE4C7BF6F}"
EndProject
Project("{2150E333-8FDC-42A3-9474-1A3956D46DE8}") = "DataAccess", "DataAccess", "{BAC1ECB8-1AF6-4375-AEBE-DAD1D87F077F}"
EndProject
Project("{FAE04EC0-301F-11D3-BF4B-00C04F79EFBC}") = "Epam.UserInfo.FileDal", "Epam.UserInfo.FileDal\Epam.UserInfo.FileDal.csproj", "{A4613300-A331-4B41-9B74-6907CC9B042C}"
EndProject
Project("{2150E333-8FDC-42A3-9474-1A3956D46DE8}") = "Presentation", "Presentation", "{5F296217-34CE-46C0-B3BF-16CE806B26B0}"
EndProject
Project("{2150E333-8FDC-42A3-9474-1A3956D46DE8}") = "BusinessLogic", "BusinessLogic", "{D12E2303-1E01-4726-9CBE-A883BACCD4D3}"
EndProject
Project("{FAE04EC0-301F-11D3-BF4B-00C04F79EFBC}") = "Epam.UsersInfo.WebUI", "WebUI\Epam.UsersInfo.WebUI.csproj", "{3FA09326-8A68-470C-A2C8-A55DD0B60B43}"
EndProject
Project("{FAE04EC0-301F-11D3-BF4B-00C04F79EFBC}") = "Epam.UserInfo.DBDal", "Epam.UserInfo.DBDal\Epam.UserInfo.DBDal.csproj", "{0B5B0684-783E-48D1-9246-D355DBEE84D0}"
EndProject
Global
	GlobalSection(SolutionConfigurationPlatforms) = preSolution
		Debug|Any CPU = Debug|Any CPU
		Release|Any CPU = Release|Any CPU
	EndGlobalSection
	GlobalSection(ProjectConfigurationPlatforms) = postSolution
		{95F8B592-EF06-48C3-A580-FAABA243076D}.Debug|Any CPU.ActiveCfg = Debug|Any CPU
		{95F8B592-EF06-48C3-A580-FAABA243076D}.Debug|Any CPU.Build.0 = Debug|Any CPU
		{95F8B592-EF06-48C3-A580-FAABA243076D}.Release|Any CPU.ActiveCfg = Release|Any CPU
		{95F8B592-EF06-48C3-A580-FAABA243076D}.Release|Any CPU.Build.0 = Release|Any CPU
		{B6F3AC39-3F60-45EE-9E25-CAB4D9A6C0D3}.Debug|Any CPU.ActiveCfg = Debug|Any CPU
		{B6F3AC39-3F60-45EE-9E25-CAB4D9A6C0D3}.Debug|Any CPU.Build.0 = Debug|Any CPU
		{B6F3AC39-3F60-45EE-9E25-CAB4D9A6C0D3}.Release|Any CPU.ActiveCfg = Release|Any CPU
		{B6F3AC39-3F60-45EE-9E25-CAB4D9A6C0D3}.Release|Any CPU.Build.0 = Release|Any CPU
		{3021D710-E31A-4492-90D0-49EB530D0EE4}.Debug|Any CPU.ActiveCfg = Debug|Any CPU
		{3021D710-E31A-4492-90D0-49EB530D0EE4}.Debug|Any CPU.Build.0 = Debug|Any CPU
		{3021D710-E31A-4492-90D0-49EB530D0EE4}.Release|Any CPU.ActiveCfg = Release|Any CPU
		{3021D710-E31A-4492-90D0-49EB530D0EE4}.Release|Any CPU.Build.0 = Release|Any CPU
		{869C9046-D09E-4F1C-B43B-05BCA7499FEC}.Debug|Any CPU.ActiveCfg = Debug|Any CPU
		{869C9046-D09E-4F1C-B43B-05BCA7499FEC}.Debug|Any CPU.Build.0 = Debug|Any CPU
		{869C9046-D09E-4F1C-B43B-05BCA7499FEC}.Release|Any CPU.ActiveCfg = Release|Any CPU
		{869C9046-D09E-4F1C-B43B-05BCA7499FEC}.Release|Any CPU.Build.0 = Release|Any CPU
		{68FE3E69-EB97-447F-90E7-8CBFE4C7BF6F}.Debug|Any CPU.ActiveCfg = Debug|Any CPU
		{68FE3E69-EB97-447F-90E7-8CBFE4C7BF6F}.Debug|Any CPU.Build.0 = Debug|Any CPU
		{68FE3E69-EB97-447F-90E7-8CBFE4C7BF6F}.Release|Any CPU.ActiveCfg = Release|Any CPU
		{68FE3E69-EB97-447F-90E7-8CBFE4C7BF6F}.Release|Any CPU.Build.0 = Release|Any CPU
		{A4613300-A331-4B41-9B74-6907CC9B042C}.Debug|Any CPU.ActiveCfg = Debug|Any CPU
		{A4613300-A331-4B41-9B74-6907CC9B042C}.Debug|Any CPU.Build.0 = Debug|Any CPU
		{A4613300-A331-4B41-9B74-6907CC9B042C}.Release|Any CPU.ActiveCfg = Release|Any CPU
		{A4613300-A331-4B41-9B74-6907CC9B042C}.Release|Any CPU.Build.0 = Release|Any CPU
		{3FA09326-8A68-470C-A2C8-A55DD0B60B43}.Debug|Any CPU.ActiveCfg = Debug|Any CPU
		{3FA09326-8A68-470C-A2C8-A55DD0B60B43}.Debug|Any CPU.Build.0 = Debug|Any CPU
		{3FA09326-8A68-470C-A2C8-A55DD0B60B43}.Release|Any CPU.ActiveCfg = Release|Any CPU
		{3FA09326-8A68-470C-A2C8-A55DD0B60B43}.Release|Any CPU.Build.0 = Release|Any CPU
		{0B5B0684-783E-48D1-9246-D355DBEE84D0}.Debug|Any CPU.ActiveCfg = Debug|Any CPU
		{0B5B0684-783E-48D1-9246-D355DBEE84D0}.Debug|Any CPU.Build.0 = Debug|Any CPU
		{0B5B0684-783E-48D1-9246-D355DBEE84D0}.Release|Any CPU.ActiveCfg = Release|Any CPU
		{0B5B0684-783E-48D1-9246-D355DBEE84D0}.Release|Any CPU.Build.0 = Release|Any CPU
	EndGlobalSection
	GlobalSection(SolutionProperties) = preSolution
		HideSolutionNode = FALSE
	EndGlobalSection
	GlobalSection(NestedProjects) = preSolution
		{95F8B592-EF06-48C3-A580-FAABA243076D} = {5F296217-34CE-46C0-B3BF-16CE806B26B0}
		{B6F3AC39-3F60-45EE-9E25-CAB4D9A6C0D3} = {91435173-68BF-47FE-BBD5-0F950DC15675}
		{3021D710-E31A-4492-90D0-49EB530D0EE4} = {D12E2303-1E01-4726-9CBE-A883BACCD4D3}
		{869C9046-D09E-4F1C-B43B-05BCA7499FEC} = {D12E2303-1E01-4726-9CBE-A883BACCD4D3}
		{68FE3E69-EB97-447F-90E7-8CBFE4C7BF6F} = {BAC1ECB8-1AF6-4375-AEBE-DAD1D87F077F}
		{A4613300-A331-4B41-9B74-6907CC9B042C} = {BAC1ECB8-1AF6-4375-AEBE-DAD1D87F077F}
		{3FA09326-8A68-470C-A2C8-A55DD0B60B43} = {5F296217-34CE-46C0-B3BF-16CE806B26B0}
		{0B5B0684-783E-48D1-9246-D355DBEE84D0} = {BAC1ECB8-1AF6-4375-AEBE-DAD1D87F077F}
	EndGlobalSection
EndGlobal
