
Microsoft Visual Studio Solution File, Format Version 12.00
# Visual Studio 14
VisualStudioVersion = 14.0.25420.1
MinimumVisualStudioVersion = 10.0.40219.1
Project("{FAE04EC0-301F-11D3-BF4B-00C04F79EFBC}") = "EPAM_XT2016_3_3_1", "EPAM_XT2016_3_3\EPAM_XT2016_3_3_1.csproj", "{F2F8810D-155A-46F7-B9C8-1412C2EE713B}"
EndProject
Project("{FAE04EC0-301F-11D3-BF4B-00C04F79EFBC}") = "EPAM_XT2016_3_3_2", "EPAM_XT2016_3_3_2\EPAM_XT2016_3_3_2.csproj", "{A9EE1470-37FE-4CD3-AD27-7290300F2A21}"
EndProject
Project("{FAE04EC0-301F-11D3-BF4B-00C04F79EFBC}") = "EPAM_XT2016_3_3_3", "EPAM_XT2016_3_3_3\EPAM_XT2016_3_3_3.csproj", "{3E482380-2D52-4FE9-B85A-EF894E4A90E9}"
EndProject
Global
	GlobalSection(SolutionConfigurationPlatforms) = preSolution
		Debug|Any CPU = Debug|Any CPU
		Release|Any CPU = Release|Any CPU
	EndGlobalSection
	GlobalSection(ProjectConfigurationPlatforms) = postSolution
		{F2F8810D-155A-46F7-B9C8-1412C2EE713B}.Debug|Any CPU.ActiveCfg = Debug|Any CPU
		{F2F8810D-155A-46F7-B9C8-1412C2EE713B}.Debug|Any CPU.Build.0 = Debug|Any CPU
		{F2F8810D-155A-46F7-B9C8-1412C2EE713B}.Release|Any CPU.ActiveCfg = Release|Any CPU
		{F2F8810D-155A-46F7-B9C8-1412C2EE713B}.Release|Any CPU.Build.0 = Release|Any CPU
		{A9EE1470-37FE-4CD3-AD27-7290300F2A21}.Debug|Any CPU.ActiveCfg = Debug|Any CPU
		{A9EE1470-37FE-4CD3-AD27-7290300F2A21}.Debug|Any CPU.Build.0 = Debug|Any CPU
		{A9EE1470-37FE-4CD3-AD27-7290300F2A21}.Release|Any CPU.ActiveCfg = Release|Any CPU
		{A9EE1470-37FE-4CD3-AD27-7290300F2A21}.Release|Any CPU.Build.0 = Release|Any CPU
		{3E482380-2D52-4FE9-B85A-EF894E4A90E9}.Debug|Any CPU.ActiveCfg = Debug|Any CPU
		{3E482380-2D52-4FE9-B85A-EF894E4A90E9}.Debug|Any CPU.Build.0 = Debug|Any CPU
		{3E482380-2D52-4FE9-B85A-EF894E4A90E9}.Release|Any CPU.ActiveCfg = Release|Any CPU
		{3E482380-2D52-4FE9-B85A-EF894E4A90E9}.Release|Any CPU.Build.0 = Release|Any CPU
	EndGlobalSection
	GlobalSection(SolutionProperties) = preSolution
		HideSolutionNode = FALSE
	EndGlobalSection
EndGlobal
